
Microsoft Visual Studio Solution File, Format Version 12.00
# Visual Studio 15
VisualStudioVersion = 15.0.28010.2046
MinimumVisualStudioVersion = 10.0.40219.1
Project("{FAE04EC0-301F-11D3-BF4B-00C04F79EFBC}") = "Phone", "Phone.csproj", "{1E691791-09C3-4D9A-AFAA-1706ED9EAFCA}"
EndProject
Global
	GlobalSection(SolutionConfigurationPlatforms) = preSolution
		Debug|Any CPU = Debug|Any CPU
		Release|Any CPU = Release|Any CPU
	EndGlobalSection
	GlobalSection(ProjectConfigurationPlatforms) = postSolution
		{1E691791-09C3-4D9A-AFAA-1706ED9EAFCA}.Debug|Any CPU.ActiveCfg = Debug|Any CPU
		{1E691791-09C3-4D9A-AFAA-1706ED9EAFCA}.Debug|Any CPU.Build.0 = Debug|Any CPU
		{1E691791-09C3-4D9A-AFAA-1706ED9EAFCA}.Release|Any CPU.ActiveCfg = Release|Any CPU
		{1E691791-09C3-4D9A-AFAA-1706ED9EAFCA}.Release|Any CPU.Build.0 = Release|Any CPU
	EndGlobalSection
	GlobalSection(SolutionProperties) = preSolution
		HideSolutionNode = FALSE
	EndGlobalSection
	GlobalSection(ExtensibilityGlobals) = postSolution
		SolutionGuid = {7D28F806-2D42-4059-87AA-5FCCC09EA976}
	EndGlobalSection
EndGlobal
